// !$*UTF8*$!
{
	archiveVersion = 1;
	classes = {
	};
	objectVersion = 50;
	objects = {

/* Begin PBXBuildFile section */
		320E72B0258DF44C00927E30 /* AppDelegate.swift in Sources */ = {isa = PBXBuildFile; fileRef = 320E72AF258DF44C00927E30 /* AppDelegate.swift */; };
		320E72B2258DF44C00927E30 /* SceneDelegate.swift in Sources */ = {isa = PBXBuildFile; fileRef = 320E72B1258DF44C00927E30 /* SceneDelegate.swift */; };
		320E72B4258DF44C00927E30 /* ViewController.swift in Sources */ = {isa = PBXBuildFile; fileRef = 320E72B3258DF44C00927E30 /* ViewController.swift */; };
		320E72B7258DF44C00927E30 /* Main.storyboard in Resources */ = {isa = PBXBuildFile; fileRef = 320E72B5258DF44C00927E30 /* Main.storyboard */; };
		320E72B9258DF44D00927E30 /* Assets.xcassets in Resources */ = {isa = PBXBuildFile; fileRef = 320E72B8258DF44D00927E30 /* Assets.xcassets */; };
		320E72BC258DF44D00927E30 /* LaunchScreen.storyboard in Resources */ = {isa = PBXBuildFile; fileRef = 320E72BA258DF44D00927E30 /* LaunchScreen.storyboard */; };
		320E72C7258DF44D00927E30 /* LoginDemoTests.swift in Sources */ = {isa = PBXBuildFile; fileRef = 320E72C6258DF44D00927E30 /* LoginDemoTests.swift */; };
		320E72D2258DF44D00927E30 /* LoginDemoUITests.swift in Sources */ = {isa = PBXBuildFile; fileRef = 320E72D1258DF44D00927E30 /* LoginDemoUITests.swift */; };
/* End PBXBuildFile section */

/* Begin PBXContainerItemProxy section */
		320E72C3258DF44D00927E30 /* PBXContainerItemProxy */ = {
			isa = PBXContainerItemProxy;
			containerPortal = 320E72A4258DF44C00927E30 /* Project object */;
			proxyType = 1;
			remoteGlobalIDString = 320E72AB258DF44C00927E30;
			remoteInfo = LoginDemo;
		};
		320E72CE258DF44D00927E30 /* PBXContainerItemProxy */ = {
			isa = PBXContainerItemProxy;
			containerPortal = 320E72A4258DF44C00927E30 /* Project object */;
			proxyType = 1;
			remoteGlobalIDString = 320E72AB258DF44C00927E30;
			remoteInfo = LoginDemo;
		};
/* End PBXContainerItemProxy section */

/* Begin PBXFileReference section */
		320E72AC258DF44C00927E30 /* LoginDemo.app */ = {isa = PBXFileReference; explicitFileType = wrapper.application; includeInIndex = 0; path = LoginDemo.app; sourceTree = BUILT_PRODUCTS_DIR; };
		320E72AF258DF44C00927E30 /* AppDelegate.swift */ = {isa = PBXFileReference; lastKnownFileType = sourcecode.swift; path = AppDelegate.swift; sourceTree = "<group>"; };
		320E72B1258DF44C00927E30 /* SceneDelegate.swift */ = {isa = PBXFileReference; lastKnownFileType = sourcecode.swift; path = SceneDelegate.swift; sourceTree = "<group>"; };
		320E72B3258DF44C00927E30 /* ViewController.swift */ = {isa = PBXFileReference; lastKnownFileType = sourcecode.swift; path = ViewController.swift; sourceTree = "<group>"; };
		320E72B6258DF44C00927E30 /* Base */ = {isa = PBXFileReference; lastKnownFileType = file.storyboard; name = Base; path = Base.lproj/Main.storyboard; sourceTree = "<group>"; };
		320E72B8258DF44D00927E30 /* Assets.xcassets */ = {isa = PBXFileReference; lastKnownFileType = folder.assetcatalog; path = Assets.xcassets; sourceTree = "<group>"; };
		320E72BB258DF44D00927E30 /* Base */ = {isa = PBXFileReference; lastKnownFileType = file.storyboard; name = Base; path = Base.lproj/LaunchScreen.storyboard; sourceTree = "<group>"; };
		320E72BD258DF44D00927E30 /* Info.plist */ = {isa = PBXFileReference; lastKnownFileType = text.plist.xml; path = Info.plist; sourceTree = "<group>"; };
		320E72C2258DF44D00927E30 /* LoginDemoTests.xctest */ = {isa = PBXFileReference; explicitFileType = wrapper.cfbundle; includeInIndex = 0; path = LoginDemoTests.xctest; sourceTree = BUILT_PRODUCTS_DIR; };
		320E72C6258DF44D00927E30 /* LoginDemoTests.swift */ = {isa = PBXFileReference; lastKnownFileType = sourcecode.swift; path = LoginDemoTests.swift; sourceTree = "<group>"; };
		320E72C8258DF44D00927E30 /* Info.plist */ = {isa = PBXFileReference; lastKnownFileType = text.plist.xml; path = Info.plist; sourceTree = "<group>"; };
		320E72CD258DF44D00927E30 /* LoginDemoUITests.xctest */ = {isa = PBXFileReference; explicitFileType = wrapper.cfbundle; includeInIndex = 0; path = LoginDemoUITests.xctest; sourceTree = BUILT_PRODUCTS_DIR; };
		320E72D1258DF44D00927E30 /* LoginDemoUITests.swift */ = {isa = PBXFileReference; lastKnownFileType = sourcecode.swift; path = LoginDemoUITests.swift; sourceTree = "<group>"; };
		320E72D3258DF44D00927E30 /* Info.plist */ = {isa = PBXFileReference; lastKnownFileType = text.plist.xml; path = Info.plist; sourceTree = "<group>"; };
/* End PBXFileReference section */

/* Begin PBXFrameworksBuildPhase section */
		320E72A9258DF44C00927E30 /* Frameworks */ = {
			isa = PBXFrameworksBuildPhase;
			buildActionMask = 2147483647;
			files = (
			);
			runOnlyForDeploymentPostprocessing = 0;
		};
		320E72BF258DF44D00927E30 /* Frameworks */ = {
			isa = PBXFrameworksBuildPhase;
			buildActionMask = 2147483647;
			files = (
			);
			runOnlyForDeploymentPostprocessing = 0;
		};
		320E72CA258DF44D00927E30 /* Frameworks */ = {
			isa = PBXFrameworksBuildPhase;
			buildActionMask = 2147483647;
			files = (
			);
			runOnlyForDeploymentPostprocessing = 0;
		};
/* End PBXFrameworksBuildPhase section */

/* Begin PBXGroup section */
		320E72A3258DF44C00927E30 = {
			isa = PBXGroup;
			children = (
				320E72AE258DF44C00927E30 /* LoginDemo */,
				320E72C5258DF44D00927E30 /* LoginDemoTests */,
				320E72D0258DF44D00927E30 /* LoginDemoUITests */,
				320E72AD258DF44C00927E30 /* Products */,
			);
			sourceTree = "<group>";
		};
		320E72AD258DF44C00927E30 /* Products */ = {
			isa = PBXGroup;
			children = (
				320E72AC258DF44C00927E30 /* LoginDemo.app */,
				320E72C2258DF44D00927E30 /* LoginDemoTests.xctest */,
				320E72CD258DF44D00927E30 /* LoginDemoUITests.xctest */,
			);
			name = Products;
			sourceTree = "<group>";
		};
		320E72AE258DF44C00927E30 /* LoginDemo */ = {
			isa = PBXGroup;
			children = (
				320E72AF258DF44C00927E30 /* AppDelegate.swift */,
				320E72B1258DF44C00927E30 /* SceneDelegate.swift */,
				320E72B3258DF44C00927E30 /* ViewController.swift */,
				320E72B5258DF44C00927E30 /* Main.storyboard */,
				320E72B8258DF44D00927E30 /* Assets.xcassets */,
				320E72BA258DF44D00927E30 /* LaunchScreen.storyboard */,
				320E72BD258DF44D00927E30 /* Info.plist */,
			);
			path = LoginDemo;
			sourceTree = "<group>";
		};
		320E72C5258DF44D00927E30 /* LoginDemoTests */ = {
			isa = PBXGroup;
			children = (
				320E72C6258DF44D00927E30 /* LoginDemoTests.swift */,
				320E72C8258DF44D00927E30 /* Info.plist */,
			);
			path = LoginDemoTests;
			sourceTree = "<group>";
		};
		320E72D0258DF44D00927E30 /* LoginDemoUITests */ = {
			isa = PBXGroup;
			children = (
				320E72D1258DF44D00927E30 /* LoginDemoUITests.swift */,
				320E72D3258DF44D00927E30 /* Info.plist */,
			);
			path = LoginDemoUITests;
			sourceTree = "<group>";
		};
/* End PBXGroup section */

/* Begin PBXNativeTarget section */
		320E72AB258DF44C00927E30 /* LoginDemo */ = {
			isa = PBXNativeTarget;
			buildConfigurationList = 320E72D6258DF44D00927E30 /* Build configuration list for PBXNativeTarget "LoginDemo" */;
			buildPhases = (
				320E72A8258DF44C00927E30 /* Sources */,
				320E72A9258DF44C00927E30 /* Frameworks */,
				320E72AA258DF44C00927E30 /* Resources */,
			);
			buildRules = (
			);
			dependencies = (
			);
			name = LoginDemo;
			productName = LoginDemo;
			productReference = 320E72AC258DF44C00927E30 /* LoginDemo.app */;
			productType = "com.apple.product-type.application";
		};
		320E72C1258DF44D00927E30 /* LoginDemoTests */ = {
			isa = PBXNativeTarget;
			buildConfigurationList = 320E72D9258DF44D00927E30 /* Build configuration list for PBXNativeTarget "LoginDemoTests" */;
			buildPhases = (
				320E72BE258DF44D00927E30 /* Sources */,
				320E72BF258DF44D00927E30 /* Frameworks */,
				320E72C0258DF44D00927E30 /* Resources */,
			);
			buildRules = (
			);
			dependencies = (
				320E72C4258DF44D00927E30 /* PBXTargetDependency */,
			);
			name = LoginDemoTests;
			productName = LoginDemoTests;
			productReference = 320E72C2258DF44D00927E30 /* LoginDemoTests.xctest */;
			productType = "com.apple.product-type.bundle.unit-test";
		};
		320E72CC258DF44D00927E30 /* LoginDemoUITests */ = {
			isa = PBXNativeTarget;
			buildConfigurationList = 320E72DC258DF44D00927E30 /* Build configuration list for PBXNativeTarget "LoginDemoUITests" */;
			buildPhases = (
				320E72C9258DF44D00927E30 /* Sources */,
				320E72CA258DF44D00927E30 /* Frameworks */,
				320E72CB258DF44D00927E30 /* Resources */,
			);
			buildRules = (
			);
			dependencies = (
				320E72CF258DF44D00927E30 /* PBXTargetDependency */,
			);
			name = LoginDemoUITests;
			productName = LoginDemoUITests;
			productReference = 320E72CD258DF44D00927E30 /* LoginDemoUITests.xctest */;
			productType = "com.apple.product-type.bundle.ui-testing";
		};
/* End PBXNativeTarget section */

/* Begin PBXProject section */
		320E72A4258DF44C00927E30 /* Project object */ = {
			isa = PBXProject;
			attributes = {
				LastSwiftUpdateCheck = 1230;
				LastUpgradeCheck = 1230;
				TargetAttributes = {
					320E72AB258DF44C00927E30 = {
						CreatedOnToolsVersion = 12.3;
					};
					320E72C1258DF44D00927E30 = {
						CreatedOnToolsVersion = 12.3;
						TestTargetID = 320E72AB258DF44C00927E30;
					};
					320E72CC258DF44D00927E30 = {
						CreatedOnToolsVersion = 12.3;
						TestTargetID = 320E72AB258DF44C00927E30;
					};
				};
			};
			buildConfigurationList = 320E72A7258DF44C00927E30 /* Build configuration list for PBXProject "LoginDemo" */;
			compatibilityVersion = "Xcode 9.3";
			developmentRegion = en;
			hasScannedForEncodings = 0;
			knownRegions = (
				en,
				Base,
			);
			mainGroup = 320E72A3258DF44C00927E30;
			productRefGroup = 320E72AD258DF44C00927E30 /* Products */;
			projectDirPath = "";
			projectRoot = "";
			targets = (
				320E72AB258DF44C00927E30 /* LoginDemo */,
				320E72C1258DF44D00927E30 /* LoginDemoTests */,
				320E72CC258DF44D00927E30 /* LoginDemoUITests */,
			);
		};
/* End PBXProject section */

/* Begin PBXResourcesBuildPhase section */
		320E72AA258DF44C00927E30 /* Resources */ = {
			isa = PBXResourcesBuildPhase;
			buildActionMask = 2147483647;
			files = (
				320E72BC258DF44D00927E30 /* LaunchScreen.storyboard in Resources */,
				320E72B9258DF44D00927E30 /* Assets.xcassets in Resources */,
				320E72B7258DF44C00927E30 /* Main.storyboard in Resources */,
			);
			runOnlyForDeploymentPostprocessing = 0;
		};
		320E72C0258DF44D00927E30 /* Resources */ = {
			isa = PBXResourcesBuildPhase;
			buildActionMask = 2147483647;
			files = (
			);
			runOnlyForDeploymentPostprocessing = 0;
		};
		320E72CB258DF44D00927E30 /* Resources */ = {
			isa = PBXResourcesBuildPhase;
			buildActionMask = 2147483647;
			files = (
			);
			runOnlyForDeploymentPostprocessing = 0;
		};
/* End PBXResourcesBuildPhase section */

/* Begin PBXSourcesBuildPhase section */
		320E72A8258DF44C00927E30 /* Sources */ = {
			isa = PBXSourcesBuildPhase;
			buildActionMask = 2147483647;
			files = (
				320E72B4258DF44C00927E30 /* ViewController.swift in Sources */,
				320E72B0258DF44C00927E30 /* AppDelegate.swift in Sources */,
				320E72B2258DF44C00927E30 /* SceneDelegate.swift in Sources */,
			);
			runOnlyForDeploymentPostprocessing = 0;
		};
		320E72BE258DF44D00927E30 /* Sources */ = {
			isa = PBXSourcesBuildPhase;
			buildActionMask = 2147483647;
			files = (
				320E72C7258DF44D00927E30 /* LoginDemoTests.swift in Sources */,
			);
			runOnlyForDeploymentPostprocessing = 0;
		};
		320E72C9258DF44D00927E30 /* Sources */ = {
			isa = PBXSourcesBuildPhase;
			buildActionMask = 2147483647;
			files = (
				320E72D2258DF44D00927E30 /* LoginDemoUITests.swift in Sources */,
			);
			runOnlyForDeploymentPostprocessing = 0;
		};
/* End PBXSourcesBuildPhase section */

/* Begin PBXTargetDependency section */
		320E72C4258DF44D00927E30 /* PBXTargetDependency */ = {
			isa = PBXTargetDependency;
			target = 320E72AB258DF44C00927E30 /* LoginDemo */;
			targetProxy = 320E72C3258DF44D00927E30 /* PBXContainerItemProxy */;
		};
		320E72CF258DF44D00927E30 /* PBXTargetDependency */ = {
			isa = PBXTargetDependency;
			target = 320E72AB258DF44C00927E30 /* LoginDemo */;
			targetProxy = 320E72CE258DF44D00927E30 /* PBXContainerItemProxy */;
		};
/* End PBXTargetDependency section */

/* Begin PBXVariantGroup section */
		320E72B5258DF44C00927E30 /* Main.storyboard */ = {
			isa = PBXVariantGroup;
			children = (
				320E72B6258DF44C00927E30 /* Base */,
			);
			name = Main.storyboard;
			sourceTree = "<group>";
		};
		320E72BA258DF44D00927E30 /* LaunchScreen.storyboard */ = {
			isa = PBXVariantGroup;
			children = (
				320E72BB258DF44D00927E30 /* Base */,
			);
			name = LaunchScreen.storyboard;
			sourceTree = "<group>";
		};
/* End PBXVariantGroup section */

/* Begin XCBuildConfiguration section */
		320E72D4258DF44D00927E30 /* Debug */ = {
			isa = XCBuildConfiguration;
			buildSettings = {
				ALWAYS_SEARCH_USER_PATHS = NO;
				CLANG_ANALYZER_NONNULL = YES;
				CLANG_ANALYZER_NUMBER_OBJECT_CONVERSION = YES_AGGRESSIVE;
				CLANG_CXX_LANGUAGE_STANDARD = "gnu++14";
				CLANG_CXX_LIBRARY = "libc++";
				CLANG_ENABLE_MODULES = YES;
				CLANG_ENABLE_OBJC_ARC = YES;
				CLANG_ENABLE_OBJC_WEAK = YES;
				CLANG_WARN_BLOCK_CAPTURE_AUTORELEASING = YES;
				CLANG_WARN_BOOL_CONVERSION = YES;
				CLANG_WARN_COMMA = YES;
				CLANG_WARN_CONSTANT_CONVERSION = YES;
				CLANG_WARN_DEPRECATED_OBJC_IMPLEMENTATIONS = YES;
				CLANG_WARN_DIRECT_OBJC_ISA_USAGE = YES_ERROR;
				CLANG_WARN_DOCUMENTATION_COMMENTS = YES;
				CLANG_WARN_EMPTY_BODY = YES;
				CLANG_WARN_ENUM_CONVERSION = YES;
				CLANG_WARN_INFINITE_RECURSION = YES;
				CLANG_WARN_INT_CONVERSION = YES;
				CLANG_WARN_NON_LITERAL_NULL_CONVERSION = YES;
				CLANG_WARN_OBJC_IMPLICIT_RETAIN_SELF = YES;
				CLANG_WARN_OBJC_LITERAL_CONVERSION = YES;
				CLANG_WARN_OBJC_ROOT_CLASS = YES_ERROR;
				CLANG_WARN_QUOTED_INCLUDE_IN_FRAMEWORK_HEADER = YES;
				CLANG_WARN_RANGE_LOOP_ANALYSIS = YES;
				CLANG_WARN_STRICT_PROTOTYPES = YES;
				CLANG_WARN_SUSPICIOUS_MOVE = YES;
				CLANG_WARN_UNGUARDED_AVAILABILITY = YES_AGGRESSIVE;
				CLANG_WARN_UNREACHABLE_CODE = YES;
				CLANG_WARN__DUPLICATE_METHOD_MATCH = YES;
				COPY_PHASE_STRIP = NO;
				DEBUG_INFORMATION_FORMAT = dwarf;
				ENABLE_STRICT_OBJC_MSGSEND = YES;
				ENABLE_TESTABILITY = YES;
				GCC_C_LANGUAGE_STANDARD = gnu11;
				GCC_DYNAMIC_NO_PIC = NO;
				GCC_NO_COMMON_BLOCKS = YES;
				GCC_OPTIMIZATION_LEVEL = 0;
				GCC_PREPROCESSOR_DEFINITIONS = (
					"DEBUG=1",
					"$(inherited)",
				);
				GCC_WARN_64_TO_32_BIT_CONVERSION = YES;
				GCC_WARN_ABOUT_RETURN_TYPE = YES_ERROR;
				GCC_WARN_UNDECLARED_SELECTOR = YES;
				GCC_WARN_UNINITIALIZED_AUTOS = YES_AGGRESSIVE;
				GCC_WARN_UNUSED_FUNCTION = YES;
				GCC_WARN_UNUSED_VARIABLE = YES;
				IPHONEOS_DEPLOYMENT_TARGET = 14.3;
				MTL_ENABLE_DEBUG_INFO = INCLUDE_SOURCE;
				MTL_FAST_MATH = YES;
				ONLY_ACTIVE_ARCH = YES;
				SDKROOT = iphoneos;
				SWIFT_ACTIVE_COMPILATION_CONDITIONS = DEBUG;
				SWIFT_OPTIMIZATION_LEVEL = "-Onone";
			};
			name = Debug;
		};
		320E72D5258DF44D00927E30 /* Release */ = {
			isa = XCBuildConfiguration;
			buildSettings = {
				ALWAYS_SEARCH_USER_PATHS = NO;
				CLANG_ANALYZER_NONNULL = YES;
				CLANG_ANALYZER_NUMBER_OBJECT_CONVERSION = YES_AGGRESSIVE;
				CLANG_CXX_LANGUAGE_STANDARD = "gnu++14";
				CLANG_CXX_LIBRARY = "libc++";
				CLANG_ENABLE_MODULES = YES;
				CLANG_ENABLE_OBJC_ARC = YES;
				CLANG_ENABLE_OBJC_WEAK = YES;
				CLANG_WARN_BLOCK_CAPTURE_AUTORELEASING = YES;
				CLANG_WARN_BOOL_CONVERSION = YES;
				CLANG_WARN_COMMA = YES;
				CLANG_WARN_CONSTANT_CONVERSION = YES;
				CLANG_WARN_DEPRECATED_OBJC_IMPLEMENTATIONS = YES;
				CLANG_WARN_DIRECT_OBJC_ISA_USAGE = YES_ERROR;
				CLANG_WARN_DOCUMENTATION_COMMENTS = YES;
				CLANG_WARN_EMPTY_BODY = YES;
				CLANG_WARN_ENUM_CONVERSION = YES;
				CLANG_WARN_INFINITE_RECURSION = YES;
				CLANG_WARN_INT_CONVERSION = YES;
				CLANG_WARN_NON_LITERAL_NULL_CONVERSION = YES;
				CLANG_WARN_OBJC_IMPLICIT_RETAIN_SELF = YES;
				CLANG_WARN_OBJC_LITERAL_CONVERSION = YES;
				CLANG_WARN_OBJC_ROOT_CLASS = YES_ERROR;
				CLANG_WARN_QUOTED_INCLUDE_IN_FRAMEWORK_HEADER = YES;
				CLANG_WARN_RANGE_LOOP_ANALYSIS = YES;
				CLANG_WARN_STRICT_PROTOTYPES = YES;
				CLANG_WARN_SUSPICIOUS_MOVE = YES;
				CLANG_WARN_UNGUARDED_AVAILABILITY = YES_AGGRESSIVE;
				CLANG_WARN_UNREACHABLE_CODE = YES;
				CLANG_WARN__DUPLICATE_METHOD_MATCH = YES;
				COPY_PHASE_STRIP = NO;
				DEBUG_INFORMATION_FORMAT = "dwarf-with-dsym";
				ENABLE_NS_ASSERTIONS = NO;
				ENABLE_STRICT_OBJC_MSGSEND = YES;
				GCC_C_LANGUAGE_STANDARD = gnu11;
				GCC_NO_COMMON_BLOCKS = YES;
				GCC_WARN_64_TO_32_BIT_CONVERSION = YES;
				GCC_WARN_ABOUT_RETURN_TYPE = YES_ERROR;
				GCC_WARN_UNDECLARED_SELECTOR = YES;
				GCC_WARN_UNINITIALIZED_AUTOS = YES_AGGRESSIVE;
				GCC_WARN_UNUSED_FUNCTION = YES;
				GCC_WARN_UNUSED_VARIABLE = YES;
				IPHONEOS_DEPLOYMENT_TARGET = 14.3;
				MTL_ENABLE_DEBUG_INFO = NO;
				MTL_FAST_MATH = YES;
				SDKROOT = iphoneos;
				SWIFT_COMPILATION_MODE = wholemodule;
				SWIFT_OPTIMIZATION_LEVEL = "-O";
				VALIDATE_PRODUCT = YES;
			};
			name = Release;
		};
		320E72D7258DF44D00927E30 /* Debug */ = {
			isa = XCBuildConfiguration;
			buildSettings = {
				ASSETCATALOG_COMPILER_APPICON_NAME = AppIcon;
				ASSETCATALOG_COMPILER_GLOBAL_ACCENT_COLOR_NAME = AccentColor;
				CODE_SIGN_STYLE = Automatic;
				DEVELOPMENT_TEAM = UT92ELD7WS;
				INFOPLIST_FILE = LoginDemo/Info.plist;
				LD_RUNPATH_SEARCH_PATHS = (
					"$(inherited)",
					"@executable_path/Frameworks",
				);
				PRODUCT_BUNDLE_IDENTIFIER = com.MatthewGuo.LoginDemo;
				PRODUCT_NAME = "$(TARGET_NAME)";
				SWIFT_VERSION = 5.0;
				TARGETED_DEVICE_FAMILY = "1,2";
			};
			name = Debug;
		};
		320E72D8258DF44D00927E30 /* Release */ = {
			isa = XCBuildConfiguration;
			buildSettings = {
				ASSETCATALOG_COMPILER_APPICON_NAME = AppIcon;
				ASSETCATALOG_COMPILER_GLOBAL_ACCENT_COLOR_NAME = AccentColor;
				CODE_SIGN_STYLE = Automatic;
				DEVELOPMENT_TEAM = UT92ELD7WS;
				INFOPLIST_FILE = LoginDemo/Info.plist;
				LD_RUNPATH_SEARCH_PATHS = (
					"$(inherited)",
					"@executable_path/Frameworks",
				);
				PRODUCT_BUNDLE_IDENTIFIER = com.MatthewGuo.LoginDemo;
				PRODUCT_NAME = "$(TARGET_NAME)";
				SWIFT_VERSION = 5.0;
				TARGETED_DEVICE_FAMILY = "1,2";
			};
			name = Release;
		};
		320E72DA258DF44D00927E30 /* Debug */ = {
			isa = XCBuildConfiguration;
			buildSettings = {
				ALWAYS_EMBED_SWIFT_STANDARD_LIBRARIES = YES;
				BUNDLE_LOADER = "$(TEST_HOST)";
				CODE_SIGN_STYLE = Automatic;
				DEVELOPMENT_TEAM = UT92ELD7WS;
				INFOPLIST_FILE = LoginDemoTests/Info.plist;
				IPHONEOS_DEPLOYMENT_TARGET = 14.3;
				LD_RUNPATH_SEARCH_PATHS = (
					"$(inherited)",
					"@executable_path/Frameworks",
					"@loader_path/Frameworks",
				);
				PRODUCT_BUNDLE_IDENTIFIER = com.MatthewGuo.LoginDemoTests;
				PRODUCT_NAME = "$(TARGET_NAME)";
				SWIFT_VERSION = 5.0;
				TARGETED_DEVICE_FAMILY = "1,2";
				TEST_HOST = "$(BUILT_PRODUCTS_DIR)/LoginDemo.app/LoginDemo";
			};
			name = Debug;
		};
		320E72DB258DF44D00927E30 /* Release */ = {
			isa = XCBuildConfiguration;
			buildSettings = {
				ALWAYS_EMBED_SWIFT_STANDARD_LIBRARIES = YES;
				BUNDLE_LOADER = "$(TEST_HOST)";
				CODE_SIGN_STYLE = Automatic;
				DEVELOPMENT_TEAM = UT92ELD7WS;
				INFOPLIST_FILE = LoginDemoTests/Info.plist;
				IPHONEOS_DEPLOYMENT_TARGET = 14.3;
				LD_RUNPATH_SEARCH_PATHS = (
					"$(inherited)",
					"@executable_path/Frameworks",
					"@loader_path/Frameworks",
				);
				PRODUCT_BUNDLE_IDENTIFIER = com.MatthewGuo.LoginDemoTests;
				PRODUCT_NAME = "$(TARGET_NAME)";
				SWIFT_VERSION = 5.0;
				TARGETED_DEVICE_FAMILY = "1,2";
				TEST_HOST = "$(BUILT_PRODUCTS_DIR)/LoginDemo.app/LoginDemo";
			};
			name = Release;
		};
		320E72DD258DF44D00927E30 /* Debug */ = {
			isa = XCBuildConfiguration;
			buildSettings = {
				ALWAYS_EMBED_SWIFT_STANDARD_LIBRARIES = YES;
				CODE_SIGN_STYLE = Automatic;
				DEVELOPMENT_TEAM = UT92ELD7WS;
				INFOPLIST_FILE = LoginDemoUITests/Info.plist;
				LD_RUNPATH_SEARCH_PATHS = (
					"$(inherited)",
					"@executable_path/Frameworks",
					"@loader_path/Frameworks",
				);
				PRODUCT_BUNDLE_IDENTIFIER = com.MatthewGuo.LoginDemoUITests;
				PRODUCT_NAME = "$(TARGET_NAME)";
				SWIFT_VERSION = 5.0;
				TARGETED_DEVICE_FAMILY = "1,2";
				TEST_TARGET_NAME = LoginDemo;
			};
			name = Debug;
		};
		320E72DE258DF44D00927E30 /* Release */ = {
			isa = XCBuildConfiguration;
			buildSettings = {
				ALWAYS_EMBED_SWIFT_STANDARD_LIBRARIES = YES;
				CODE_SIGN_STYLE = Automatic;
				DEVELOPMENT_TEAM = UT92ELD7WS;
				INFOPLIST_FILE = LoginDemoUITests/Info.plist;
				LD_RUNPATH_SEARCH_PATHS = (
					"$(inherited)",
					"@executable_path/Frameworks",
					"@loader_path/Frameworks",
				);
				PRODUCT_BUNDLE_IDENTIFIER = com.MatthewGuo.LoginDemoUITests;
				PRODUCT_NAME = "$(TARGET_NAME)";
				SWIFT_VERSION = 5.0;
				TARGETED_DEVICE_FAMILY = "1,2";
				TEST_TARGET_NAME = LoginDemo;
			};
			name = Release;
		};
/* End XCBuildConfiguration section */

/* Begin XCConfigurationList section */
		320E72A7258DF44C00927E30 /* Build configuration list for PBXProject "LoginDemo" */ = {
			isa = XCConfigurationList;
			buildConfigurations = (
				320E72D4258DF44D00927E30 /* Debug */,
				320E72D5258DF44D00927E30 /* Release */,
			);
			defaultConfigurationIsVisible = 0;
			defaultConfigurationName = Release;
		};
		320E72D6258DF44D00927E30 /* Build configuration list for PBXNativeTarget "LoginDemo" */ = {
			isa = XCConfigurationList;
			buildConfigurations = (
				320E72D7258DF44D00927E30 /* Debug */,
				320E72D8258DF44D00927E30 /* Release */,
			);
			defaultConfigurationIsVisible = 0;
			defaultConfigurationName = Release;
		};
		320E72D9258DF44D00927E30 /* Build configuration list for PBXNativeTarget "LoginDemoTests" */ = {
			isa = XCConfigurationList;
			buildConfigurations = (
				320E72DA258DF44D00927E30 /* Debug */,
				320E72DB258DF44D00927E30 /* Release */,
			);
			defaultConfigurationIsVisible = 0;
			defaultConfigurationName = Release;
		};
		320E72DC258DF44D00927E30 /* Build configuration list for PBXNativeTarget "LoginDemoUITests" */ = {
			isa = XCConfigurationList;
			buildConfigurations = (
				320E72DD258DF44D00927E30 /* Debug */,
				320E72DE258DF44D00927E30 /* Release */,
			);
			defaultConfigurationIsVisible = 0;
			defaultConfigurationName = Release;
		};
/* End XCConfigurationList section */
	};
	rootObject = 320E72A4258DF44C00927E30 /* Project object */;
}
